
Microsoft Visual Studio Solution File, Format Version 12.00
# Visual Studio Version 16
VisualStudioVersion = 16.0.31424.327
MinimumVisualStudioVersion = 10.0.40219.1
Project("{FAE04EC0-301F-11D3-BF4B-00C04F79EFBC}") = "WinFormsAppTest0915", "WinFormsAppTest0915\WinFormsAppTest0915.csproj", "{12B289B8-ADAD-4169-8FD2-E39EB45D8E4E}"
EndProject
Project("{54435603-DBB4-11D2-8724-00A0C9A8B90C}") = "FILMSetup1", "FILMSetup1\FILMSetup1.vdproj", "{C615EABA-1B25-4ACD-AD10-38CDC6E4A3AF}"
EndProject
Global
	GlobalSection(SolutionConfigurationPlatforms) = preSolution
		Debug|Any CPU = Debug|Any CPU
		Release|Any CPU = Release|Any CPU
	EndGlobalSection
	GlobalSection(ProjectConfigurationPlatforms) = postSolution
		{12B289B8-ADAD-4169-8FD2-E39EB45D8E4E}.Debug|Any CPU.ActiveCfg = Debug|Any CPU
		{12B289B8-ADAD-4169-8FD2-E39EB45D8E4E}.Debug|Any CPU.Build.0 = Debug|Any CPU
		{12B289B8-ADAD-4169-8FD2-E39EB45D8E4E}.Release|Any CPU.ActiveCfg = Release|Any CPU
		{12B289B8-ADAD-4169-8FD2-E39EB45D8E4E}.Release|Any CPU.Build.0 = Release|Any CPU
		{C615EABA-1B25-4ACD-AD10-38CDC6E4A3AF}.Debug|Any CPU.ActiveCfg = Debug
		{C615EABA-1B25-4ACD-AD10-38CDC6E4A3AF}.Release|Any CPU.ActiveCfg = Release
	EndGlobalSection
	GlobalSection(SolutionProperties) = preSolution
		HideSolutionNode = FALSE
	EndGlobalSection
	GlobalSection(ExtensibilityGlobals) = postSolution
		SolutionGuid = {37E1EE71-BFA2-4C6B-81D8-E4A885208D78}
	EndGlobalSection
EndGlobal
